
Microsoft Visual Studio Solution File, Format Version 12.00
# Visual Studio Version 16
VisualStudioVersion = 16.0.31112.23
MinimumVisualStudioVersion = 10.0.40219.1
Project("{FAE04EC0-301F-11D3-BF4B-00C04F79EFBC}") = "TimeKeepingBlazorServerApp", "TimeKeepingBlazorServerApp\TimeKeepingBlazorServerApp.csproj", "{06B31719-FA64-4CFE-8C6B-80315E165341}"
EndProject
Global
	GlobalSection(SolutionConfigurationPlatforms) = preSolution
		Debug|Any CPU = Debug|Any CPU
		Release|Any CPU = Release|Any CPU
	EndGlobalSection
	GlobalSection(ProjectConfigurationPlatforms) = postSolution
		{06B31719-FA64-4CFE-8C6B-80315E165341}.Debug|Any CPU.ActiveCfg = Debug|Any CPU
		{06B31719-FA64-4CFE-8C6B-80315E165341}.Debug|Any CPU.Build.0 = Debug|Any CPU
		{06B31719-FA64-4CFE-8C6B-80315E165341}.Release|Any CPU.ActiveCfg = Release|Any CPU
		{06B31719-FA64-4CFE-8C6B-80315E165341}.Release|Any CPU.Build.0 = Release|Any CPU
	EndGlobalSection
	GlobalSection(SolutionProperties) = preSolution
		HideSolutionNode = FALSE
	EndGlobalSection
	GlobalSection(ExtensibilityGlobals) = postSolution
		SolutionGuid = {1AE9A7ED-0E9D-400B-8CD2-70638A400416}
	EndGlobalSection
EndGlobal
